
Microsoft Visual Studio Solution File, Format Version 12.00
# Visual Studio Version 17
VisualStudioVersion = 17.14.36301.6 d17.14
MinimumVisualStudioVersion = 10.0.40219.1
Project("{FAE04EC0-301F-11D3-BF4B-00C04F79EFBC}") = "Mvc_Online_Commercial_Automation", "Mvc_Online_Commercial_Automation\Mvc_Online_Commercial_Automation.csproj", "{2E516B4C-AC0A-4FA6-B465-EDF0404C8775}"
EndProject
Global
	GlobalSection(SolutionConfigurationPlatforms) = preSolution
		Debug|Any CPU = Debug|Any CPU
		Release|Any CPU = Release|Any CPU
	EndGlobalSection
	GlobalSection(ProjectConfigurationPlatforms) = postSolution
		{2E516B4C-AC0A-4FA6-B465-EDF0404C8775}.Debug|Any CPU.ActiveCfg = Debug|Any CPU
		{2E516B4C-AC0A-4FA6-B465-EDF0404C8775}.Debug|Any CPU.Build.0 = Debug|Any CPU
		{2E516B4C-AC0A-4FA6-B465-EDF0404C8775}.Release|Any CPU.ActiveCfg = Release|Any CPU
		{2E516B4C-AC0A-4FA6-B465-EDF0404C8775}.Release|Any CPU.Build.0 = Release|Any CPU
	EndGlobalSection
	GlobalSection(SolutionProperties) = preSolution
		HideSolutionNode = FALSE
	EndGlobalSection
	GlobalSection(ExtensibilityGlobals) = postSolution
		SolutionGuid = {40CD836E-A76D-4D37-9E20-98AA8771CC5C}
	EndGlobalSection
EndGlobal
